
Microsoft Visual Studio Solution File, Format Version 12.00
# Visual Studio Version 16
VisualStudioVersion = 16.0.31410.357
MinimumVisualStudioVersion = 10.0.40219.1
Project("{FAE04EC0-301F-11D3-BF4B-00C04F79EFBC}") = "Project3(Stock App)", "Project3(Stock App).csproj", "{79D8E8A1-93C8-4924-8ADA-AD76B6A97099}"
EndProject
Global
	GlobalSection(SolutionConfigurationPlatforms) = preSolution
		Debug|Any CPU = Debug|Any CPU
		Release|Any CPU = Release|Any CPU
	EndGlobalSection
	GlobalSection(ProjectConfigurationPlatforms) = postSolution
		{79D8E8A1-93C8-4924-8ADA-AD76B6A97099}.Debug|Any CPU.ActiveCfg = Debug|Any CPU
		{79D8E8A1-93C8-4924-8ADA-AD76B6A97099}.Debug|Any CPU.Build.0 = Debug|Any CPU
		{79D8E8A1-93C8-4924-8ADA-AD76B6A97099}.Release|Any CPU.ActiveCfg = Release|Any CPU
		{79D8E8A1-93C8-4924-8ADA-AD76B6A97099}.Release|Any CPU.Build.0 = Release|Any CPU
	EndGlobalSection
	GlobalSection(SolutionProperties) = preSolution
		HideSolutionNode = FALSE
	EndGlobalSection
	GlobalSection(ExtensibilityGlobals) = postSolution
		SolutionGuid = {3C76F0F4-2251-452B-A2B4-E6A8C7EE845C}
	EndGlobalSection
EndGlobal
